Microsoft Visual Studio Solution File, Format Version 12.00
# Visual Studio Version 17
VisualStudioVersion = 17.5.2.0
MinimumVisualStudioVersion = 10.0.40219.1
Project("{FAE04EC0-301F-11D3-BF4B-00C04F79EFBC}") = "Blipper", "Blipper.csproj", "{03AD131A-571E-00A1-571D-121047B77A26}"
EndProject
Global
	GlobalSection(SolutionConfigurationPlatforms) = preSolution
		Debug|Any CPU = Debug|Any CPU
		Release|Any CPU = Release|Any CPU
	EndGlobalSection
	GlobalSection(ProjectConfigurationPlatforms) = postSolution
		{03AD131A-571E-00A1-571D-121047B77A26}.Debug|Any CPU.ActiveCfg = Debug|Any CPU
		{03AD131A-571E-00A1-571D-121047B77A26}.Debug|Any CPU.Build.0 = Debug|Any CPU
		{03AD131A-571E-00A1-571D-121047B77A26}.Release|Any CPU.ActiveCfg = Release|Any CPU
		{03AD131A-571E-00A1-571D-121047B77A26}.Release|Any CPU.Build.0 = Release|Any CPU
	EndGlobalSection
	GlobalSection(SolutionProperties) = preSolution
		HideSolutionNode = FALSE
	EndGlobalSection
	GlobalSection(ExtensibilityGlobals) = postSolution
		SolutionGuid = {52F131AA-A098-4ACC-9C82-3086CB40B822}
	EndGlobalSection
EndGlobal
